{
  "name": "pantone",
  "lockfileVersion": 2,
  "requires": true,
  "packages": {
    "": {
      "dependencies": {
        "markdown-table": "^3.0.2",
        "nearest-pantone": "^1.0.1"
      }
    },
    "node_modules/color-diff": {
      "version": "1.2.0",
      "resolved": "https://registry.npmjs.org/color-diff/-/color-diff-1.2.0.tgz",
      "integrity": "sha512-FN7iLBCfb97ElJU2AQXbBAFXPbKmu0XJjPU9GWWmUkIbXka+Im8Q5w1geiL9GB+AktJ4pIA6nRZD1+TlEG6/rA=="
    },
    "node_modules/hex-rgb": {
      "version": "1.0.0",
      "resolved": "https://registry.npmjs.org/hex-rgb/-/hex-rgb-1.0.0.tgz",
      "integrity": "sha512-RXIfX+4KhhQQM1XWFaMghHtVj7LfKhpFhV8PlrSTyFwGN25q8hMQ5/QoqPj0j1l58TluQj3cqOFdSB30sb/iQA==",
      "engines": {
        "node": ">=0.10.0"
      }
    },
    "node_modules/markdown-table": {
      "version": "3.0.2",
      "resolved": "https://registry.npmjs.org/markdown-table/-/markdown-table-3.0.2.tgz",
      "integrity": "sha512-y8j3a5/DkJCmS5x4dMCQL+OR0+2EAq3DOtio1COSHsmW2BGXnNCK3v12hJt1LrUz5iZH5g0LmuYOjDdI+czghA==",
      "funding": {
        "type": "github",
        "url": "https://github.com/sponsors/wooorm"
      }
    },
    "node_modules/nearest-pantone": {
      "version": "1.0.1",
      "resolved": "https://registry.npmjs.org/nearest-pantone/-/nearest-pantone-1.0.1.tgz",
      "integrity": "sha512-EkP7Rxf4JpJ6lTfok+bbY1356EZLPwBIwzCIdmFrF3A4T4/rtgyx1nuDBlvy21NlLOdYAiuFuTXg9/kIwsgIRw==",
      "dependencies": {
        "color-diff": "^1.1.0",
        "hex-rgb": "^1.0.0",
        "rgb-hex": "^2.1.0"
      }
    },
    "node_modules/rgb-hex": {
      "version": "2.1.0",
      "resolved": "https://registry.npmjs.org/rgb-hex/-/rgb-hex-2.1.0.tgz",
      "integrity": "sha512-1hDa60MqECZiEGsa9TtcOE9VbV6fhZSMQARy7U+a2HkhIJyoEBhcG4v/qYAJYzV3Bbj+j52sBoAIKKF5EPuQZw==",
      "engines": {
        "node": ">=4"
      }
    }
  },
  "dependencies": {
    "color-diff": {
      "version": "1.2.0",
      "resolved": "https://registry.npmjs.org/color-diff/-/color-diff-1.2.0.tgz",
      "integrity": "sha512-FN7iLBCfb97ElJU2AQXbBAFXPbKmu0XJjPU9GWWmUkIbXka+Im8Q5w1geiL9GB+AktJ4pIA6nRZD1+TlEG6/rA=="
    },
    "hex-rgb": {
      "version": "1.0.0",
      "resolved": "https://registry.npmjs.org/hex-rgb/-/hex-rgb-1.0.0.tgz",
      "integrity": "sha512-RXIfX+4KhhQQM1XWFaMghHtVj7LfKhpFhV8PlrSTyFwGN25q8hMQ5/QoqPj0j1l58TluQj3cqOFdSB30sb/iQA=="
    },
    "markdown-table": {
      "version": "3.0.2",
      "resolved": "https://registry.npmjs.org/markdown-table/-/markdown-table-3.0.2.tgz",
      "integrity": "sha512-y8j3a5/DkJCmS5x4dMCQL+OR0+2EAq3DOtio1COSHsmW2BGXnNCK3v12hJt1LrUz5iZH5g0LmuYOjDdI+czghA=="
    },
    "nearest-pantone": {
      "version": "1.0.1",
      "resolved": "https://registry.npmjs.org/nearest-pantone/-/nearest-pantone-1.0.1.tgz",
      "integrity": "sha512-EkP7Rxf4JpJ6lTfok+bbY1356EZLPwBIwzCIdmFrF3A4T4/rtgyx1nuDBlvy21NlLOdYAiuFuTXg9/kIwsgIRw==",
      "requires": {
        "color-diff": "^1.1.0",
        "hex-rgb": "^1.0.0",
        "rgb-hex": "^2.1.0"
      }
    },
    "rgb-hex": {
      "version": "2.1.0",
      "resolved": "https://registry.npmjs.org/rgb-hex/-/rgb-hex-2.1.0.tgz",
      "integrity": "sha512-1hDa60MqECZiEGsa9TtcOE9VbV6fhZSMQARy7U+a2HkhIJyoEBhcG4v/qYAJYzV3Bbj+j52sBoAIKKF5EPuQZw=="
    }
  }
}
